
Microsoft Visual Studio Solution File, Format Version 12.00
# Visual Studio 15
VisualStudioVersion = 15.0.28010.2046
MinimumVisualStudioVersion = 10.0.40219.1
Project("{FAE04EC0-301F-11D3-BF4B-00C04F79EFBC}") = "Libro", "Libro\Libro.csproj", "{5E18DD28-CFDD-466F-8EB8-1AAF345361DF}"
EndProject
Project("{FAE04EC0-301F-11D3-BF4B-00C04F79EFBC}") = "MaterialDesignExtensions", "E:\Git\MaterialDesignExtensions-dev\MaterialDesignExtensions\MaterialDesignExtensions.csproj", "{809632DA-5EB8-4EE8-AD71-57239701550C}"
EndProject
Project("{FAE04EC0-301F-11D3-BF4B-00C04F79EFBC}") = "Libro.Core", "..\Libro.Core\Libro.Core.csproj", "{CCEF9E29-5943-4056-90D3-4DE1A7BC7FD7}"
EndProject
Project("{FAE04EC0-301F-11D3-BF4B-00C04F79EFBC}") = "NetworkCommsDotNet", "NetworkComms\Platforms\Net40\NetworkCommsDotNet\NetworkCommsDotNet.csproj", "{B0FD9F50-A375-44DD-AAAE-CCC2F94A99D1}"
EndProject
Project("{FAE04EC0-301F-11D3-BF4B-00C04F79EFBC}") = "ProtobufSerializer", "NetworkComms\Platforms\Net40\ProtobufSerializer\ProtobufSerializer.csproj", "{62977BE8-428B-4683-A098-4E3F588B3F7E}"
EndProject
Project("{FAE04EC0-301F-11D3-BF4B-00C04F79EFBC}") = "RemoteProcedureCalls", "NetworkComms\RemoteProcedureCalls\RemoteProcedureCalls.csproj", "{BFB67E36-9DF1-473D-B5DC-D94C5199C624}"
EndProject
Global
	GlobalSection(SolutionConfigurationPlatforms) = preSolution
		Debug|Any CPU = Debug|Any CPU
		Release|Any CPU = Release|Any CPU
	EndGlobalSection
	GlobalSection(ProjectConfigurationPlatforms) = postSolution
		{5E18DD28-CFDD-466F-8EB8-1AAF345361DF}.Debug|Any CPU.ActiveCfg = Debug|Any CPU
		{5E18DD28-CFDD-466F-8EB8-1AAF345361DF}.Debug|Any CPU.Build.0 = Debug|Any CPU
		{5E18DD28-CFDD-466F-8EB8-1AAF345361DF}.Release|Any CPU.ActiveCfg = Release|Any CPU
		{5E18DD28-CFDD-466F-8EB8-1AAF345361DF}.Release|Any CPU.Build.0 = Release|Any CPU
		{809632DA-5EB8-4EE8-AD71-57239701550C}.Debug|Any CPU.ActiveCfg = Debug|Any CPU
		{809632DA-5EB8-4EE8-AD71-57239701550C}.Debug|Any CPU.Build.0 = Debug|Any CPU
		{809632DA-5EB8-4EE8-AD71-57239701550C}.Release|Any CPU.ActiveCfg = Release|Any CPU
		{809632DA-5EB8-4EE8-AD71-57239701550C}.Release|Any CPU.Build.0 = Release|Any CPU
		{CCEF9E29-5943-4056-90D3-4DE1A7BC7FD7}.Debug|Any CPU.ActiveCfg = Debug|Any CPU
		{CCEF9E29-5943-4056-90D3-4DE1A7BC7FD7}.Debug|Any CPU.Build.0 = Debug|Any CPU
		{CCEF9E29-5943-4056-90D3-4DE1A7BC7FD7}.Release|Any CPU.ActiveCfg = Release|Any CPU
		{CCEF9E29-5943-4056-90D3-4DE1A7BC7FD7}.Release|Any CPU.Build.0 = Release|Any CPU
		{B0FD9F50-A375-44DD-AAAE-CCC2F94A99D1}.Debug|Any CPU.ActiveCfg = Debug|Any CPU
		{B0FD9F50-A375-44DD-AAAE-CCC2F94A99D1}.Debug|Any CPU.Build.0 = Debug|Any CPU
		{B0FD9F50-A375-44DD-AAAE-CCC2F94A99D1}.Release|Any CPU.ActiveCfg = Release|Any CPU
		{B0FD9F50-A375-44DD-AAAE-CCC2F94A99D1}.Release|Any CPU.Build.0 = Release|Any CPU
		{62977BE8-428B-4683-A098-4E3F588B3F7E}.Debug|Any CPU.ActiveCfg = Debug|Any CPU
		{62977BE8-428B-4683-A098-4E3F588B3F7E}.Debug|Any CPU.Build.0 = Debug|Any CPU
		{62977BE8-428B-4683-A098-4E3F588B3F7E}.Release|Any CPU.ActiveCfg = Release|Any CPU
		{62977BE8-428B-4683-A098-4E3F588B3F7E}.Release|Any CPU.Build.0 = Release|Any CPU
		{BFB67E36-9DF1-473D-B5DC-D94C5199C624}.Debug|Any CPU.ActiveCfg = Debug|Any CPU
		{BFB67E36-9DF1-473D-B5DC-D94C5199C624}.Debug|Any CPU.Build.0 = Debug|Any CPU
		{BFB67E36-9DF1-473D-B5DC-D94C5199C624}.Release|Any CPU.ActiveCfg = Release|Any CPU
		{BFB67E36-9DF1-473D-B5DC-D94C5199C624}.Release|Any CPU.Build.0 = Release|Any CPU
	EndGlobalSection
	GlobalSection(SolutionProperties) = preSolution
		HideSolutionNode = FALSE
	EndGlobalSection
	GlobalSection(ExtensibilityGlobals) = postSolution
		SolutionGuid = {09DA15BB-C3A9-4E83-B7D2-D56E765EB38F}
	EndGlobalSection
EndGlobal
